
Microsoft Visual Studio Solution File, Format Version 12.00
# Visual Studio Version 17
VisualStudioVersion = 17.7.34024.191
MinimumVisualStudioVersion = 10.0.40219.1
Project("{FAE04EC0-301F-11D3-BF4B-00C04F79EFBC}") = "Intro To OOP", "Intro To OOP\Intro To OOP.csproj", "{203309C9-48F3-4096-BE73-1395DCA7DC3A}"
EndProject
Global
	GlobalSection(SolutionConfigurationPlatforms) = preSolution
		Debug|Any CPU = Debug|Any CPU
		Release|Any CPU = Release|Any CPU
	EndGlobalSection
	GlobalSection(ProjectConfigurationPlatforms) = postSolution
		{203309C9-48F3-4096-BE73-1395DCA7DC3A}.Debug|Any CPU.ActiveCfg = Debug|Any CPU
		{203309C9-48F3-4096-BE73-1395DCA7DC3A}.Debug|Any CPU.Build.0 = Debug|Any CPU
		{203309C9-48F3-4096-BE73-1395DCA7DC3A}.Release|Any CPU.ActiveCfg = Release|Any CPU
		{203309C9-48F3-4096-BE73-1395DCA7DC3A}.Release|Any CPU.Build.0 = Release|Any CPU
	EndGlobalSection
	GlobalSection(SolutionProperties) = preSolution
		HideSolutionNode = FALSE
	EndGlobalSection
	GlobalSection(ExtensibilityGlobals) = postSolution
		SolutionGuid = {E261A8F0-4A47-4FEA-8D9F-38C9844411F5}
	EndGlobalSection
EndGlobal
