
Microsoft Visual Studio Solution File, Format Version 12.00
# Visual Studio Version 17
VisualStudioVersion = 17.7.34024.191
MinimumVisualStudioVersion = 10.0.40219.1
Project("{FAE04EC0-301F-11D3-BF4B-00C04F79EFBC}") = "FileConversion", "FileConversion\FileConversion.csproj", "{3F969657-BBF3-49E2-9AE5-BAAA2FD100AE}"
EndProject
Project("{2150E333-8FDC-42A3-9474-1A3956D46DE8}") = "File", "File", "{19F6C485-DC94-4FD9-B8D5-E7CC469507F4}"
EndProject
Global
	GlobalSection(SolutionConfigurationPlatforms) = preSolution
		Debug|Any CPU = Debug|Any CPU
		Release|Any CPU = Release|Any CPU
	EndGlobalSection
	GlobalSection(ProjectConfigurationPlatforms) = postSolution
		{3F969657-BBF3-49E2-9AE5-BAAA2FD100AE}.Debug|Any CPU.ActiveCfg = Debug|Any CPU
		{3F969657-BBF3-49E2-9AE5-BAAA2FD100AE}.Debug|Any CPU.Build.0 = Debug|Any CPU
		{3F969657-BBF3-49E2-9AE5-BAAA2FD100AE}.Release|Any CPU.ActiveCfg = Release|Any CPU
		{3F969657-BBF3-49E2-9AE5-BAAA2FD100AE}.Release|Any CPU.Build.0 = Release|Any CPU
	EndGlobalSection
	GlobalSection(SolutionProperties) = preSolution
		HideSolutionNode = FALSE
	EndGlobalSection
	GlobalSection(ExtensibilityGlobals) = postSolution
		SolutionGuid = {9566DAA5-4780-4BB0-8757-F27A1BF0D925}
	EndGlobalSection
EndGlobal
