
Microsoft Visual Studio Solution File, Format Version 12.00
# Visual Studio Version 17
VisualStudioVersion = 17.7.34024.191
MinimumVisualStudioVersion = 10.0.40219.1
Project("{FAE04EC0-301F-11D3-BF4B-00C04F79EFBC}") = "HCMS", "HCMS\HCMS.csproj", "{01C0D2AB-E5C8-49E4-930D-FF835E475E73}"
EndProject
Global
	GlobalSection(SolutionConfigurationPlatforms) = preSolution
		Debug|Any CPU = Debug|Any CPU
		Release|Any CPU = Release|Any CPU
	EndGlobalSection
	GlobalSection(ProjectConfigurationPlatforms) = postSolution
		{01C0D2AB-E5C8-49E4-930D-FF835E475E73}.Debug|Any CPU.ActiveCfg = Debug|Any CPU
		{01C0D2AB-E5C8-49E4-930D-FF835E475E73}.Debug|Any CPU.Build.0 = Debug|Any CPU
		{01C0D2AB-E5C8-49E4-930D-FF835E475E73}.Release|Any CPU.ActiveCfg = Release|Any CPU
		{01C0D2AB-E5C8-49E4-930D-FF835E475E73}.Release|Any CPU.Build.0 = Release|Any CPU
	EndGlobalSection
	GlobalSection(SolutionProperties) = preSolution
		HideSolutionNode = FALSE
	EndGlobalSection
	GlobalSection(ExtensibilityGlobals) = postSolution
		SolutionGuid = {D576FADB-BADA-4EB7-A299-B69D19C59EF5}
	EndGlobalSection
EndGlobal
