
Microsoft Visual Studio Solution File, Format Version 12.00
# Visual Studio Version 17
VisualStudioVersion = 17.7.34024.191
MinimumVisualStudioVersion = 10.0.40219.1
Project("{FAE04EC0-301F-11D3-BF4B-00C04F79EFBC}") = "Assessment 2", "Assessment 2\Assessment 2.csproj", "{09D98D5D-1C80-4B54-85E1-BC94EAD3635C}"
EndProject
Global
	GlobalSection(SolutionConfigurationPlatforms) = preSolution
		Debug|Any CPU = Debug|Any CPU
		Release|Any CPU = Release|Any CPU
	EndGlobalSection
	GlobalSection(ProjectConfigurationPlatforms) = postSolution
		{09D98D5D-1C80-4B54-85E1-BC94EAD3635C}.Debug|Any CPU.ActiveCfg = Debug|Any CPU
		{09D98D5D-1C80-4B54-85E1-BC94EAD3635C}.Debug|Any CPU.Build.0 = Debug|Any CPU
		{09D98D5D-1C80-4B54-85E1-BC94EAD3635C}.Release|Any CPU.ActiveCfg = Release|Any CPU
		{09D98D5D-1C80-4B54-85E1-BC94EAD3635C}.Release|Any CPU.Build.0 = Release|Any CPU
	EndGlobalSection
	GlobalSection(SolutionProperties) = preSolution
		HideSolutionNode = FALSE
	EndGlobalSection
	GlobalSection(ExtensibilityGlobals) = postSolution
		SolutionGuid = {DA9F233C-3DF5-4461-AC86-AB5DD2C4E9DA}
	EndGlobalSection
EndGlobal
